
Microsoft Visual Studio Solution File, Format Version 12.00
# Visual Studio Version 17
VisualStudioVersion = 17.9.34622.214
MinimumVisualStudioVersion = 10.0.40219.1
Project("{FAE04EC0-301F-11D3-BF4B-00C04F79EFBC}") = "GameProject5", "GameProject5.csproj", "{61F67F98-7ABD-4032-A0A0-33C3FE6A3A20}"
EndProject
Global
	GlobalSection(SolutionConfigurationPlatforms) = preSolution
		Debug|Any CPU = Debug|Any CPU
		Release|Any CPU = Release|Any CPU
	EndGlobalSection
	GlobalSection(ProjectConfigurationPlatforms) = postSolution
		{61F67F98-7ABD-4032-A0A0-33C3FE6A3A20}.Debug|Any CPU.ActiveCfg = Debug|Any CPU
		{61F67F98-7ABD-4032-A0A0-33C3FE6A3A20}.Debug|Any CPU.Build.0 = Debug|Any CPU
		{61F67F98-7ABD-4032-A0A0-33C3FE6A3A20}.Release|Any CPU.ActiveCfg = Release|Any CPU
		{61F67F98-7ABD-4032-A0A0-33C3FE6A3A20}.Release|Any CPU.Build.0 = Release|Any CPU
	EndGlobalSection
	GlobalSection(SolutionProperties) = preSolution
		HideSolutionNode = FALSE
	EndGlobalSection
	GlobalSection(ExtensibilityGlobals) = postSolution
		SolutionGuid = {56446A49-865A-4653-B398-91CBDCDAE767}
	EndGlobalSection
EndGlobal
